# THIS IS AN AUTOGENERATED FILE. DO NOT EDIT THIS FILE DIRECTLY.
# yarn lockfile v1


console-log-colors@^0.3.3:
  version "0.3.3"
  resolved "https://registry.yarnpkg.com/console-log-colors/-/console-log-colors-0.3.3.tgz#d1d22c1e919789b6f4ef36779bb415916b1bed5c"
  integrity sha512-B4FfSlK/w2GFKZKnIEuK+KFuN4JLr4mqLXSpgSgvebCdXk4HUi+slxX35irN+pVPMKKy3zn+f4jWFUyvUV1YMw==

typescript@^5.0.0-dev.20221125:
  version "5.0.0-dev.20221125"
  resolved "https://registry.yarnpkg.com/typescript/-/typescript-5.0.0-dev.20221125.tgz#05d8eb01d2cd17b8a78a167d890c02a0e149a210"
  integrity sha512-5X4Uz1KiBZSF4QobfLgXNawzNROtx6Sibp4hkz1AYMUERoxwoVN3IbWnyyGe0dsiZsI7IFmwJMZurh2pxSE0SQ==

zod@^3.19.1:
  version "3.19.1"
  resolved "https://registry.yarnpkg.com/zod/-/zod-3.19.1.tgz#112f074a97b50bfc4772d4ad1576814bd8ac4473"
  integrity sha512-LYjZsEDhCdYET9ikFu6dVPGp2YH9DegXjdJToSzD9rO6fy4qiRYFoyEYwps88OseJlPyl2NOe2iJuhEhL7IpEA==
